
Microsoft Visual Studio Solution File, Format Version 12.00
# Visual Studio Version 16
VisualStudioVersion = 16.0.29728.190
MinimumVisualStudioVersion = 10.0.40219.1
Project("{FAE04EC0-301F-11D3-BF4B-00C04F79EFBC}") = "AplicacionArchivoEmpleado", "AplicacionArchivoEmpleado.csproj", "{51F2849D-DF05-452C-8AFD-D13D29956BBB}"
EndProject
Global
	GlobalSection(SolutionConfigurationPlatforms) = preSolution
		Debug|Any CPU = Debug|Any CPU
		Release|Any CPU = Release|Any CPU
	EndGlobalSection
	GlobalSection(ProjectConfigurationPlatforms) = postSolution
		{51F2849D-DF05-452C-8AFD-D13D29956BBB}.Debug|Any CPU.ActiveCfg = Debug|Any CPU
		{51F2849D-DF05-452C-8AFD-D13D29956BBB}.Debug|Any CPU.Build.0 = Debug|Any CPU
		{51F2849D-DF05-452C-8AFD-D13D29956BBB}.Release|Any CPU.ActiveCfg = Release|Any CPU
		{51F2849D-DF05-452C-8AFD-D13D29956BBB}.Release|Any CPU.Build.0 = Release|Any CPU
	EndGlobalSection
	GlobalSection(SolutionProperties) = preSolution
		HideSolutionNode = FALSE
	EndGlobalSection
	GlobalSection(ExtensibilityGlobals) = postSolution
		SolutionGuid = {59D2F630-FB53-47BC-B3AA-0AFD4E202698}
	EndGlobalSection
EndGlobal
